// !$*UTF8*$!
{
	archiveVersion = 1;
	classes = {
	};
	objectVersion = 48;
	objects = {

/* Begin PBXBuildFile section */
		05B760442200B2E40014A1B9 /* AppDelegate.swift in Sources */ = {isa = PBXBuildFile; fileRef = 05B760432200B2E40014A1B9 /* AppDelegate.swift */; };
		05B7604A2200B2E40014A1B9 /* GameScene.swift in Sources */ = {isa = PBXBuildFile; fileRef = 05B760492200B2E40014A1B9 /* GameScene.swift */; };
		05B7604C2200B2E40014A1B9 /* GameViewController.swift in Sources */ = {isa = PBXBuildFile; fileRef = 05B7604B2200B2E40014A1B9 /* GameViewController.swift */; };
		05B7604F2200B2E40014A1B9 /* Main.storyboard in Resources */ = {isa = PBXBuildFile; fileRef = 05B7604D2200B2E40014A1B9 /* Main.storyboard */; };
		05B760512200B2E40014A1B9 /* Assets.xcassets in Resources */ = {isa = PBXBuildFile; fileRef = 05B760502200B2E40014A1B9 /* Assets.xcassets */; };
		05B760542200B2E40014A1B9 /* LaunchScreen.storyboard in Resources */ = {isa = PBXBuildFile; fileRef = 05B760522200B2E40014A1B9 /* LaunchScreen.storyboard */; };
		05B7605F2200B2E40014A1B9 /* ChipyGameUITests.swift in Sources */ = {isa = PBXBuildFile; fileRef = 05B7605E2200B2E40014A1B9 /* ChipyGameUITests.swift */; };
		D435575D2349D54D005EE9C0 /* DirectionArrow.swift in Sources */ = {isa = PBXBuildFile; fileRef = D435575C2349D54D005EE9C0 /* DirectionArrow.swift */; };
		D43F4213234D425400ADC272 /* GameScene2.sks in Resources */ = {isa = PBXBuildFile; fileRef = D43F4212234D425400ADC272 /* GameScene2.sks */; };
		D43F4217234E810600ADC272 /* GameScene.sks in Resources */ = {isa = PBXBuildFile; fileRef = D43F4216234E810600ADC272 /* GameScene.sks */; };
		D443EEC223493FAF004305C0 /* Player.swift in Sources */ = {isa = PBXBuildFile; fileRef = D443EEC123493FAF004305C0 /* Player.swift */; };
		D443EEC423494839004305C0 /* Bullet.swift in Sources */ = {isa = PBXBuildFile; fileRef = D443EEC323494839004305C0 /* Bullet.swift */; };
		D443EEC623497E3C004305C0 /* Enemy.swift in Sources */ = {isa = PBXBuildFile; fileRef = D443EEC523497E3C004305C0 /* Enemy.swift */; };
/* End PBXBuildFile section */

/* Begin PBXContainerItemProxy section */
		05B7605B2200B2E40014A1B9 /* PBXContainerItemProxy */ = {
			isa = PBXContainerItemProxy;
			containerPortal = 05B760382200B2E40014A1B9 /* Project object */;
			proxyType = 1;
			remoteGlobalIDString = 05B7603F2200B2E40014A1B9;
			remoteInfo = ZombieConga;
		};
/* End PBXContainerItemProxy section */

/* Begin PBXFileReference section */
		05B760402200B2E40014A1B9 /* ChippyGame.app */ = {isa = PBXFileReference; explicitFileType = wrapper.application; includeInIndex = 0; path = ChippyGame.app; sourceTree = BUILT_PRODUCTS_DIR; };
		05B760432200B2E40014A1B9 /* AppDelegate.swift */ = {isa = PBXFileReference; lastKnownFileType = sourcecode.swift; path = AppDelegate.swift; sourceTree = "<group>"; };
		05B760492200B2E40014A1B9 /* GameScene.swift */ = {isa = PBXFileReference; lastKnownFileType = sourcecode.swift; path = GameScene.swift; sourceTree = "<group>"; };
		05B7604B2200B2E40014A1B9 /* GameViewController.swift */ = {isa = PBXFileReference; lastKnownFileType = sourcecode.swift; path = GameViewController.swift; sourceTree = "<group>"; };
		05B7604E2200B2E40014A1B9 /* Base */ = {isa = PBXFileReference; lastKnownFileType = file.storyboard; name = Base; path = Base.lproj/Main.storyboard; sourceTree = "<group>"; };
		05B760502200B2E40014A1B9 /* Assets.xcassets */ = {isa = PBXFileReference; lastKnownFileType = folder.assetcatalog; path = Assets.xcassets; sourceTree = "<group>"; };
		05B760532200B2E40014A1B9 /* Base */ = {isa = PBXFileReference; lastKnownFileType = file.storyboard; name = Base; path = Base.lproj/LaunchScreen.storyboard; sourceTree = "<group>"; };
		05B760552200B2E40014A1B9 /* Info.plist */ = {isa = PBXFileReference; lastKnownFileType = text.plist.xml; path = Info.plist; sourceTree = "<group>"; };
		05B7605A2200B2E40014A1B9 /* ChippyGameUITests.xctest */ = {isa = PBXFileReference; explicitFileType = wrapper.cfbundle; includeInIndex = 0; path = ChippyGameUITests.xctest; sourceTree = BUILT_PRODUCTS_DIR; };
		05B7605E2200B2E40014A1B9 /* ChipyGameUITests.swift */ = {isa = PBXFileReference; lastKnownFileType = sourcecode.swift; path = ChipyGameUITests.swift; sourceTree = "<group>"; };
		05B760602200B2E40014A1B9 /* Info.plist */ = {isa = PBXFileReference; lastKnownFileType = text.plist.xml; path = Info.plist; sourceTree = "<group>"; };
		D435575C2349D54D005EE9C0 /* DirectionArrow.swift */ = {isa = PBXFileReference; lastKnownFileType = sourcecode.swift; path = DirectionArrow.swift; sourceTree = "<group>"; };
		D43F4212234D425400ADC272 /* GameScene2.sks */ = {isa = PBXFileReference; lastKnownFileType = file.sks; path = GameScene2.sks; sourceTree = "<group>"; };
		D43F4216234E810600ADC272 /* GameScene.sks */ = {isa = PBXFileReference; lastKnownFileType = file.sks; path = GameScene.sks; sourceTree = "<group>"; };
		D443EEC123493FAF004305C0 /* Player.swift */ = {isa = PBXFileReference; lastKnownFileType = sourcecode.swift; path = Player.swift; sourceTree = "<group>"; };
		D443EEC323494839004305C0 /* Bullet.swift */ = {isa = PBXFileReference; lastKnownFileType = sourcecode.swift; path = Bullet.swift; sourceTree = "<group>"; };
		D443EEC523497E3C004305C0 /* Enemy.swift */ = {isa = PBXFileReference; lastKnownFileType = sourcecode.swift; path = Enemy.swift; sourceTree = "<group>"; };
/* End PBXFileReference section */

/* Begin PBXFrameworksBuildPhase section */
		05B7603D2200B2E40014A1B9 /* Frameworks */ = {
			isa = PBXFrameworksBuildPhase;
			buildActionMask = 2147483647;
			files = (
			);
			runOnlyForDeploymentPostprocessing = 0;
		};
		05B760572200B2E40014A1B9 /* Frameworks */ = {
			isa = PBXFrameworksBuildPhase;
			buildActionMask = 2147483647;
			files = (
			);
			runOnlyForDeploymentPostprocessing = 0;
		};
/* End PBXFrameworksBuildPhase section */

/* Begin PBXGroup section */
		05B760372200B2E40014A1B9 = {
			isa = PBXGroup;
			children = (
				05B760422200B2E40014A1B9 /* ChippyGame */,
				05B7605D2200B2E40014A1B9 /* ChippyGameUITests */,
				05B760412200B2E40014A1B9 /* Products */,
			);
			sourceTree = "<group>";
		};
		05B760412200B2E40014A1B9 /* Products */ = {
			isa = PBXGroup;
			children = (
				05B760402200B2E40014A1B9 /* ChippyGame.app */,
				05B7605A2200B2E40014A1B9 /* ChippyGameUITests.xctest */,
			);
			name = Products;
			sourceTree = "<group>";
		};
		05B760422200B2E40014A1B9 /* ChippyGame */ = {
			isa = PBXGroup;
			children = (
				05B760432200B2E40014A1B9 /* AppDelegate.swift */,
				05B760492200B2E40014A1B9 /* GameScene.swift */,
				D43F4212234D425400ADC272 /* GameScene2.sks */,
				05B7604B2200B2E40014A1B9 /* GameViewController.swift */,
				05B7604D2200B2E40014A1B9 /* Main.storyboard */,
				05B760502200B2E40014A1B9 /* Assets.xcassets */,
				05B760522200B2E40014A1B9 /* LaunchScreen.storyboard */,
				05B760552200B2E40014A1B9 /* Info.plist */,
				D443EEC123493FAF004305C0 /* Player.swift */,
				D443EEC323494839004305C0 /* Bullet.swift */,
				D443EEC523497E3C004305C0 /* Enemy.swift */,
				D435575C2349D54D005EE9C0 /* DirectionArrow.swift */,
				D43F4216234E810600ADC272 /* GameScene.sks */,
			);
			path = ChippyGame;
			sourceTree = "<group>";
		};
		05B7605D2200B2E40014A1B9 /* ChippyGameUITests */ = {
			isa = PBXGroup;
			children = (
				05B7605E2200B2E40014A1B9 /* ChipyGameUITests.swift */,
				05B760602200B2E40014A1B9 /* Info.plist */,
			);
			path = ChippyGameUITests;
			sourceTree = "<group>";
		};
/* End PBXGroup section */

/* Begin PBXNativeTarget section */
		05B7603F2200B2E40014A1B9 /* ChippyGame */ = {
			isa = PBXNativeTarget;
			buildConfigurationList = 05B760632200B2E40014A1B9 /* Build configuration list for PBXNativeTarget "ChippyGame" */;
			buildPhases = (
				05B7603C2200B2E40014A1B9 /* Sources */,
				05B7603D2200B2E40014A1B9 /* Frameworks */,
				05B7603E2200B2E40014A1B9 /* Resources */,
			);
			buildRules = (
			);
			dependencies = (
			);
			name = ChippyGame;
			productName = ZombieConga;
			productReference = 05B760402200B2E40014A1B9 /* ChippyGame.app */;
			productType = "com.apple.product-type.application";
		};
		05B760592200B2E40014A1B9 /* ChippyGameUITests */ = {
			isa = PBXNativeTarget;
			buildConfigurationList = 05B760662200B2E40014A1B9 /* Build configuration list for PBXNativeTarget "ChippyGameUITests" */;
			buildPhases = (
				05B760562200B2E40014A1B9 /* Sources */,
				05B760572200B2E40014A1B9 /* Frameworks */,
				05B760582200B2E40014A1B9 /* Resources */,
			);
			buildRules = (
			);
			dependencies = (
				05B7605C2200B2E40014A1B9 /* PBXTargetDependency */,
			);
			name = ChippyGameUITests;
			productName = ZombieCongaUITests;
			productReference = 05B7605A2200B2E40014A1B9 /* ChippyGameUITests.xctest */;
			productType = "com.apple.product-type.bundle.ui-testing";
		};
/* End PBXNativeTarget section */

/* Begin PBXProject section */
		05B760382200B2E40014A1B9 /* Project object */ = {
			isa = PBXProject;
			attributes = {
				LastSwiftUpdateCheck = 0920;
				LastUpgradeCheck = 0920;
				ORGANIZATIONNAME = "AJAY BAJWA";
				TargetAttributes = {
					05B7603F2200B2E40014A1B9 = {
						CreatedOnToolsVersion = 9.2;
						ProvisioningStyle = Automatic;
					};
					05B760592200B2E40014A1B9 = {
						CreatedOnToolsVersion = 9.2;
						ProvisioningStyle = Automatic;
						TestTargetID = 05B7603F2200B2E40014A1B9;
					};
				};
			};
			buildConfigurationList = 05B7603B2200B2E40014A1B9 /* Build configuration list for PBXProject "ChippyGame" */;
			compatibilityVersion = "Xcode 8.0";
			developmentRegion = en;
			hasScannedForEncodings = 0;
			knownRegions = (
				en,
				Base,
			);
			mainGroup = 05B760372200B2E40014A1B9;
			productRefGroup = 05B760412200B2E40014A1B9 /* Products */;
			projectDirPath = "";
			projectRoot = "";
			targets = (
				05B7603F2200B2E40014A1B9 /* ChippyGame */,
				05B760592200B2E40014A1B9 /* ChippyGameUITests */,
			);
		};
/* End PBXProject section */

/* Begin PBXResourcesBuildPhase section */
		05B7603E2200B2E40014A1B9 /* Resources */ = {
			isa = PBXResourcesBuildPhase;
			buildActionMask = 2147483647;
			files = (
				D43F4213234D425400ADC272 /* GameScene2.sks in Resources */,
				D43F4217234E810600ADC272 /* GameScene.sks in Resources */,
				05B7604F2200B2E40014A1B9 /* Main.storyboard in Resources */,
				05B760512200B2E40014A1B9 /* Assets.xcassets in Resources */,
				05B760542200B2E40014A1B9 /* LaunchScreen.storyboard in Resources */,
			);
			runOnlyForDeploymentPostprocessing = 0;
		};
		05B760582200B2E40014A1B9 /* Resources */ = {
			isa = PBXResourcesBuildPhase;
			buildActionMask = 2147483647;
			files = (
			);
			runOnlyForDeploymentPostprocessing = 0;
		};
/* End PBXResourcesBuildPhase section */

/* Begin PBXSourcesBuildPhase section */
		05B7603C2200B2E40014A1B9 /* Sources */ = {
			isa = PBXSourcesBuildPhase;
			buildActionMask = 2147483647;
			files = (
				D435575D2349D54D005EE9C0 /* DirectionArrow.swift in Sources */,
				D443EEC223493FAF004305C0 /* Player.swift in Sources */,
				05B7604A2200B2E40014A1B9 /* GameScene.swift in Sources */,
				D443EEC623497E3C004305C0 /* Enemy.swift in Sources */,
				05B7604C2200B2E40014A1B9 /* GameViewController.swift in Sources */,
				D443EEC423494839004305C0 /* Bullet.swift in Sources */,
				05B760442200B2E40014A1B9 /* AppDelegate.swift in Sources */,
			);
			runOnlyForDeploymentPostprocessing = 0;
		};
		05B760562200B2E40014A1B9 /* Sources */ = {
			isa = PBXSourcesBuildPhase;
			buildActionMask = 2147483647;
			files = (
				05B7605F2200B2E40014A1B9 /* ChipyGameUITests.swift in Sources */,
			);
			runOnlyForDeploymentPostprocessing = 0;
		};
/* End PBXSourcesBuildPhase section */

/* Begin PBXTargetDependency section */
		05B7605C2200B2E40014A1B9 /* PBXTargetDependency */ = {
			isa = PBXTargetDependency;
			target = 05B7603F2200B2E40014A1B9 /* ChippyGame */;
			targetProxy = 05B7605B2200B2E40014A1B9 /* PBXContainerItemProxy */;
		};
/* End PBXTargetDependency section */

/* Begin PBXVariantGroup section */
		05B7604D2200B2E40014A1B9 /* Main.storyboard */ = {
			isa = PBXVariantGroup;
			children = (
				05B7604E2200B2E40014A1B9 /* Base */,
			);
			name = Main.storyboard;
			sourceTree = "<group>";
		};
		05B760522200B2E40014A1B9 /* LaunchScreen.storyboard */ = {
			isa = PBXVariantGroup;
			children = (
				05B760532200B2E40014A1B9 /* Base */,
			);
			name = LaunchScreen.storyboard;
			sourceTree = "<group>";
		};
/* End PBXVariantGroup section */

/* Begin XCBuildConfiguration section */
		05B760612200B2E40014A1B9 /* Debug */ = {
			isa = XCBuildConfiguration;
			buildSettings = {
				ALWAYS_SEARCH_USER_PATHS = NO;
				CLANG_ANALYZER_NONNULL = YES;
				CLANG_ANALYZER_NUMBER_OBJECT_CONVERSION = YES_AGGRESSIVE;
				CLANG_CXX_LANGUAGE_STANDARD = "gnu++14";
				CLANG_CXX_LIBRARY = "libc++";
				CLANG_ENABLE_MODULES = YES;
				CLANG_ENABLE_OBJC_ARC = YES;
				CLANG_WARN_BLOCK_CAPTURE_AUTORELEASING = YES;
				CLANG_WARN_BOOL_CONVERSION = YES;
				CLANG_WARN_COMMA = YES;
				CLANG_WARN_CONSTANT_CONVERSION = YES;
				CLANG_WARN_DIRECT_OBJC_ISA_USAGE = YES_ERROR;
				CLANG_WARN_DOCUMENTATION_COMMENTS = YES;
				CLANG_WARN_EMPTY_BODY = YES;
				CLANG_WARN_ENUM_CONVERSION = YES;
				CLANG_WARN_INFINITE_RECURSION = YES;
				CLANG_WARN_INT_CONVERSION = YES;
				CLANG_WARN_NON_LITERAL_NULL_CONVERSION = YES;
				CLANG_WARN_OBJC_LITERAL_CONVERSION = YES;
				CLANG_WARN_OBJC_ROOT_CLASS = YES_ERROR;
				CLANG_WARN_RANGE_LOOP_ANALYSIS = YES;
				CLANG_WARN_STRICT_PROTOTYPES = YES;
				CLANG_WARN_SUSPICIOUS_MOVE = YES;
				CLANG_WARN_UNGUARDED_AVAILABILITY = YES_AGGRESSIVE;
				CLANG_WARN_UNREACHABLE_CODE = YES;
				CLANG_WARN__DUPLICATE_METHOD_MATCH = YES;
				CODE_SIGN_IDENTITY = "iPhone Developer";
				COPY_PHASE_STRIP = NO;
				DEBUG_INFORMATION_FORMAT = dwarf;
				ENABLE_STRICT_OBJC_MSGSEND = YES;
				ENABLE_TESTABILITY = YES;
				GCC_C_LANGUAGE_STANDARD = gnu11;
				GCC_DYNAMIC_NO_PIC = NO;
				GCC_NO_COMMON_BLOCKS = YES;
				GCC_OPTIMIZATION_LEVEL = 0;
				GCC_PREPROCESSOR_DEFINITIONS = (
					"DEBUG=1",
					"$(inherited)",
				);
				GCC_WARN_64_TO_32_BIT_CONVERSION = YES;
				GCC_WARN_ABOUT_RETURN_TYPE = YES_ERROR;
				GCC_WARN_UNDECLARED_SELECTOR = YES;
				GCC_WARN_UNINITIALIZED_AUTOS = YES_AGGRESSIVE;
				GCC_WARN_UNUSED_FUNCTION = YES;
				GCC_WARN_UNUSED_VARIABLE = YES;
				IPHONEOS_DEPLOYMENT_TARGET = 11.2;
				MTL_ENABLE_DEBUG_INFO = YES;
				ONLY_ACTIVE_ARCH = YES;
				SDKROOT = iphoneos;
				SWIFT_ACTIVE_COMPILATION_CONDITIONS = DEBUG;
				SWIFT_OPTIMIZATION_LEVEL = "-Onone";
			};
			name = Debug;
		};
		05B760622200B2E40014A1B9 /* Release */ = {
			isa = XCBuildConfiguration;
			buildSettings = {
				ALWAYS_SEARCH_USER_PATHS = NO;
				CLANG_ANALYZER_NONNULL = YES;
				CLANG_ANALYZER_NUMBER_OBJECT_CONVERSION = YES_AGGRESSIVE;
				CLANG_CXX_LANGUAGE_STANDARD = "gnu++14";
				CLANG_CXX_LIBRARY = "libc++";
				CLANG_ENABLE_MODULES = YES;
				CLANG_ENABLE_OBJC_ARC = YES;
				CLANG_WARN_BLOCK_CAPTURE_AUTORELEASING = YES;
				CLANG_WARN_BOOL_CONVERSION = YES;
				CLANG_WARN_COMMA = YES;
				CLANG_WARN_CONSTANT_CONVERSION = YES;
				CLANG_WARN_DIRECT_OBJC_ISA_USAGE = YES_ERROR;
				CLANG_WARN_DOCUMENTATION_COMMENTS = YES;
				CLANG_WARN_EMPTY_BODY = YES;
				CLANG_WARN_ENUM_CONVERSION = YES;
				CLANG_WARN_INFINITE_RECURSION = YES;
				CLANG_WARN_INT_CONVERSION = YES;
				CLANG_WARN_NON_LITERAL_NULL_CONVERSION = YES;
				CLANG_WARN_OBJC_LITERAL_CONVERSION = YES;
				CLANG_WARN_OBJC_ROOT_CLASS = YES_ERROR;
				CLANG_WARN_RANGE_LOOP_ANALYSIS = YES;
				CLANG_WARN_STRICT_PROTOTYPES = YES;
				CLANG_WARN_SUSPICIOUS_MOVE = YES;
				CLANG_WARN_UNGUARDED_AVAILABILITY = YES_AGGRESSIVE;
				CLANG_WARN_UNREACHABLE_CODE = YES;
				CLANG_WARN__DUPLICATE_METHOD_MATCH = YES;
				CODE_SIGN_IDENTITY = "iPhone Developer";
				COPY_PHASE_STRIP = NO;
				DEBUG_INFORMATION_FORMAT = "dwarf-with-dsym";
				ENABLE_NS_ASSERTIONS = NO;
				ENABLE_STRICT_OBJC_MSGSEND = YES;
				GCC_C_LANGUAGE_STANDARD = gnu11;
				GCC_NO_COMMON_BLOCKS = YES;
				GCC_WARN_64_TO_32_BIT_CONVERSION = YES;
				GCC_WARN_ABOUT_RETURN_TYPE = YES_ERROR;
				GCC_WARN_UNDECLARED_SELECTOR = YES;
				GCC_WARN_UNINITIALIZED_AUTOS = YES_AGGRESSIVE;
				GCC_WARN_UNUSED_FUNCTION = YES;
				GCC_WARN_UNUSED_VARIABLE = YES;
				IPHONEOS_DEPLOYMENT_TARGET = 11.2;
				MTL_ENABLE_DEBUG_INFO = NO;
				SDKROOT = iphoneos;
				SWIFT_OPTIMIZATION_LEVEL = "-Owholemodule";
				VALIDATE_PRODUCT = YES;
			};
			name = Release;
		};
		05B760642200B2E40014A1B9 /* Debug */ = {
			isa = XCBuildConfiguration;
			buildSettings = {
				ASSETCATALOG_COMPILER_APPICON_NAME = AppIcon;
				CODE_SIGN_STYLE = Automatic;
				DEVELOPMENT_TEAM = NJXJRNPKAQ;
				INFOPLIST_FILE = ChippyGame/Info.plist;
				LD_RUNPATH_SEARCH_PATHS = "$(inherited) @executable_path/Frameworks";
				PRODUCT_BUNDLE_IDENTIFIER = Game.ChippyGame;
				PRODUCT_NAME = "$(TARGET_NAME)";
				SWIFT_VERSION = 4.0;
				TARGETED_DEVICE_FAMILY = "1,2";
			};
			name = Debug;
		};
		05B760652200B2E40014A1B9 /* Release */ = {
			isa = XCBuildConfiguration;
			buildSettings = {
				ASSETCATALOG_COMPILER_APPICON_NAME = AppIcon;
				CODE_SIGN_STYLE = Automatic;
				DEVELOPMENT_TEAM = NJXJRNPKAQ;
				INFOPLIST_FILE = ChippyGame/Info.plist;
				LD_RUNPATH_SEARCH_PATHS = "$(inherited) @executable_path/Frameworks";
				PRODUCT_BUNDLE_IDENTIFIER = Game.ChippyGame;
				PRODUCT_NAME = "$(TARGET_NAME)";
				SWIFT_VERSION = 4.0;
				TARGETED_DEVICE_FAMILY = "1,2";
			};
			name = Release;
		};
		05B760672200B2E40014A1B9 /* Debug */ = {
			isa = XCBuildConfiguration;
			buildSettings = {
				ALWAYS_EMBED_SWIFT_STANDARD_LIBRARIES = YES;
				CODE_SIGN_STYLE = Automatic;
				INFOPLIST_FILE = ZombieCongaUITests/Info.plist;
				LD_RUNPATH_SEARCH_PATHS = "$(inherited) @executable_path/Frameworks @loader_path/Frameworks";
				PRODUCT_BUNDLE_IDENTIFIER = south.ZombieCongaUITests;
				PRODUCT_NAME = "$(TARGET_NAME)";
				SWIFT_VERSION = 4.0;
				TARGETED_DEVICE_FAMILY = "1,2";
				TEST_TARGET_NAME = ZombieConga;
			};
			name = Debug;
		};
		05B760682200B2E40014A1B9 /* Release */ = {
			isa = XCBuildConfiguration;
			buildSettings = {
				ALWAYS_EMBED_SWIFT_STANDARD_LIBRARIES = YES;
				CODE_SIGN_STYLE = Automatic;
				INFOPLIST_FILE = ZombieCongaUITests/Info.plist;
				LD_RUNPATH_SEARCH_PATHS = "$(inherited) @executable_path/Frameworks @loader_path/Frameworks";
				PRODUCT_BUNDLE_IDENTIFIER = south.ZombieCongaUITests;
				PRODUCT_NAME = "$(TARGET_NAME)";
				SWIFT_VERSION = 4.0;
				TARGETED_DEVICE_FAMILY = "1,2";
				TEST_TARGET_NAME = ZombieConga;
			};
			name = Release;
		};
/* End XCBuildConfiguration section */

/* Begin XCConfigurationList section */
		05B7603B2200B2E40014A1B9 /* Build configuration list for PBXProject "ChippyGame" */ = {
			isa = XCConfigurationList;
			buildConfigurations = (
				05B760612200B2E40014A1B9 /* Debug */,
				05B760622200B2E40014A1B9 /* Release */,
			);
			defaultConfigurationIsVisible = 0;
			defaultConfigurationName = Release;
		};
		05B760632200B2E40014A1B9 /* Build configuration list for PBXNativeTarget "ChippyGame" */ = {
			isa = XCConfigurationList;
			buildConfigurations = (
				05B760642200B2E40014A1B9 /* Debug */,
				05B760652200B2E40014A1B9 /* Release */,
			);
			defaultConfigurationIsVisible = 0;
			defaultConfigurationName = Release;
		};
		05B760662200B2E40014A1B9 /* Build configuration list for PBXNativeTarget "ChippyGameUITests" */ = {
			isa = XCConfigurationList;
			buildConfigurations = (
				05B760672200B2E40014A1B9 /* Debug */,
				05B760682200B2E40014A1B9 /* Release */,
			);
			defaultConfigurationIsVisible = 0;
			defaultConfigurationName = Release;
		};
/* End XCConfigurationList section */
	};
	rootObject = 05B760382200B2E40014A1B9 /* Project object */;
}
